{
  "lockfile_version": "1",
  "packages": {
    "github:NixOS/nixpkgs/nixpkgs-unstable": {
      "last_modified": "2025-04-23T03:04:08Z",
      "resolved": "github:NixOS/nixpkgs/507b63021ada5fee621b6ca371c4fca9ca46f52c?lastModified=1745377448&narHash=sha256-jhZDfXVKdD7TSEGgzFJQvEEZ2K65UMiqW5YJ2aIqxMA%3D"
    },
    "zig@0.14.0": {
      "last_modified": "2025-03-23T05:31:05Z",
      "resolved": "github:NixOS/nixpkgs/dd613136ee91f67e5dba3f3f41ac99ae89c5406b#zig",
      "source": "devbox-search",
      "version": "0.14.0",
      "systems": {
        "aarch64-darwin": {
          "outputs": [
            {
              "name": "out",
              "path": "/nix/store/64ymrclh07dk1yvp4h2mzy6w55nsqwwv-zig-0.14.0",
              "default": true
            },
            {
              "name": "doc",
              "path": "/nix/store/9svdbk2w8n9w5vk9ddbwfclwva07z638-zig-0.14.0-doc"
            }
          ],
          "store_path": "/nix/store/64ymrclh07dk1yvp4h2mzy6w55nsqwwv-zig-0.14.0"
        },
        "aarch64-linux": {
          "outputs": [
            {
              "name": "out",
              "path": "/nix/store/j01cnwirkn9dc3k1srhsdrh1hjqkymcd-zig-0.14.0",
              "default": true
            },
            {
              "name": "doc",
              "path": "/nix/store/bdxhm7svza9lbsn6k59bxz2dzyjjyi3k-zig-0.14.0-doc"
            }
          ],
          "store_path": "/nix/store/j01cnwirkn9dc3k1srhsdrh1hjqkymcd-zig-0.14.0"
        },
        "x86_64-darwin": {
          "outputs": [
            {
              "name": "out",
              "path": "/nix/store/iylzk63nbign77ad8whcjl5cfwv6xzmj-zig-0.14.0",
              "default": true
            },
            {
              "name": "doc",
              "path": "/nix/store/85b9lfx6hp2xa8a23k79wghl0cns6vpy-zig-0.14.0-doc"
            }
          ],
          "store_path": "/nix/store/iylzk63nbign77ad8whcjl5cfwv6xzmj-zig-0.14.0"
        },
        "x86_64-linux": {
          "outputs": [
            {
              "name": "out",
              "path": "/nix/store/dzdlr4lms4wgjvi02r1pcqh54iiq9pn5-zig-0.14.0",
              "default": true
            },
            {
              "name": "doc",
              "path": "/nix/store/ic33i3ddk1ah4rgqlr4fcx6did1fm8wv-zig-0.14.0-doc"
            }
          ],
          "store_path": "/nix/store/dzdlr4lms4wgjvi02r1pcqh54iiq9pn5-zig-0.14.0"
        }
      }
    }
  }
}
